
Microsoft Visual Studio Solution File, Format Version 12.00
# Visual Studio Version 17
VisualStudioVersion = 17.8.34309.116
MinimumVisualStudioVersion = 10.0.40219.1
Project("{2150E333-8FDC-42A3-9474-1A3956D46DE8}") = "2023", "2023", "{4D572413-AF22-4874-BB0C-C9BF41F302D8}"
EndProject
Project("{8BC9CEB8-8B4A-11D0-8D11-00A0C91BC942}") = "01", "2023\01\01.vcxproj", "{D7A817D1-9187-4C81-94B4-0BBC5656CF56}"
EndProject
Project("{8BC9CEB8-8B4A-11D0-8D11-00A0C91BC942}") = "02", "2023\02\02.vcxproj", "{798A3B87-68B7-475A-B10A-BCBA46B5FDD2}"
EndProject
Project("{8BC9CEB8-8B4A-11D0-8D11-00A0C91BC942}") = "03", "2023\03\03.vcxproj", "{8B4D7B79-B563-4C7A-B6DA-E8ABFE6E044B}"
EndProject
Project("{8BC9CEB8-8B4A-11D0-8D11-00A0C91BC942}") = "04", "2023\04\04.vcxproj", "{9384B0C8-400A-4157-A781-D5C5FC2FC91D}"
EndProject
Project("{8BC9CEB8-8B4A-11D0-8D11-00A0C91BC942}") = "05", "2023\05\05.vcxproj", "{B3029FD0-AF89-43E4-8C58-7E058463F560}"
EndProject
Project("{8BC9CEB8-8B4A-11D0-8D11-00A0C91BC942}") = "06", "06\06.vcxproj", "{9452CF91-C9D9-46C7-B46E-65D707E8A363}"
EndProject
Global
	GlobalSection(SolutionConfigurationPlatforms) = preSolution
		Debug|x64 = Debug|x64
		Debug|x86 = Debug|x86
		Release|x64 = Release|x64
		Release|x86 = Release|x86
	EndGlobalSection
	GlobalSection(ProjectConfigurationPlatforms) = postSolution
		{D7A817D1-9187-4C81-94B4-0BBC5656CF56}.Debug|x64.ActiveCfg = Debug|x64
		{D7A817D1-9187-4C81-94B4-0BBC5656CF56}.Debug|x64.Build.0 = Debug|x64
		{D7A817D1-9187-4C81-94B4-0BBC5656CF56}.Debug|x86.ActiveCfg = Debug|Win32
		{D7A817D1-9187-4C81-94B4-0BBC5656CF56}.Debug|x86.Build.0 = Debug|Win32
		{D7A817D1-9187-4C81-94B4-0BBC5656CF56}.Release|x64.ActiveCfg = Release|x64
		{D7A817D1-9187-4C81-94B4-0BBC5656CF56}.Release|x64.Build.0 = Release|x64
		{D7A817D1-9187-4C81-94B4-0BBC5656CF56}.Release|x86.ActiveCfg = Release|Win32
		{D7A817D1-9187-4C81-94B4-0BBC5656CF56}.Release|x86.Build.0 = Release|Win32
		{798A3B87-68B7-475A-B10A-BCBA46B5FDD2}.Debug|x64.ActiveCfg = Debug|x64
		{798A3B87-68B7-475A-B10A-BCBA46B5FDD2}.Debug|x64.Build.0 = Debug|x64
		{798A3B87-68B7-475A-B10A-BCBA46B5FDD2}.Debug|x86.ActiveCfg = Debug|Win32
		{798A3B87-68B7-475A-B10A-BCBA46B5FDD2}.Debug|x86.Build.0 = Debug|Win32
		{798A3B87-68B7-475A-B10A-BCBA46B5FDD2}.Release|x64.ActiveCfg = Release|x64
		{798A3B87-68B7-475A-B10A-BCBA46B5FDD2}.Release|x64.Build.0 = Release|x64
		{798A3B87-68B7-475A-B10A-BCBA46B5FDD2}.Release|x86.ActiveCfg = Release|Win32
		{798A3B87-68B7-475A-B10A-BCBA46B5FDD2}.Release|x86.Build.0 = Release|Win32
		{8B4D7B79-B563-4C7A-B6DA-E8ABFE6E044B}.Debug|x64.ActiveCfg = Debug|x64
		{8B4D7B79-B563-4C7A-B6DA-E8ABFE6E044B}.Debug|x64.Build.0 = Debug|x64
		{8B4D7B79-B563-4C7A-B6DA-E8ABFE6E044B}.Debug|x86.ActiveCfg = Debug|Win32
		{8B4D7B79-B563-4C7A-B6DA-E8ABFE6E044B}.Debug|x86.Build.0 = Debug|Win32
		{8B4D7B79-B563-4C7A-B6DA-E8ABFE6E044B}.Release|x64.ActiveCfg = Release|x64
		{8B4D7B79-B563-4C7A-B6DA-E8ABFE6E044B}.Release|x64.Build.0 = Release|x64
		{8B4D7B79-B563-4C7A-B6DA-E8ABFE6E044B}.Release|x86.ActiveCfg = Release|Win32
		{8B4D7B79-B563-4C7A-B6DA-E8ABFE6E044B}.Release|x86.Build.0 = Release|Win32
		{9384B0C8-400A-4157-A781-D5C5FC2FC91D}.Debug|x64.ActiveCfg = Debug|x64
		{9384B0C8-400A-4157-A781-D5C5FC2FC91D}.Debug|x64.Build.0 = Debug|x64
		{9384B0C8-400A-4157-A781-D5C5FC2FC91D}.Debug|x86.ActiveCfg = Debug|Win32
		{9384B0C8-400A-4157-A781-D5C5FC2FC91D}.Debug|x86.Build.0 = Debug|Win32
		{9384B0C8-400A-4157-A781-D5C5FC2FC91D}.Release|x64.ActiveCfg = Release|x64
		{9384B0C8-400A-4157-A781-D5C5FC2FC91D}.Release|x64.Build.0 = Release|x64
		{9384B0C8-400A-4157-A781-D5C5FC2FC91D}.Release|x86.ActiveCfg = Release|Win32
		{9384B0C8-400A-4157-A781-D5C5FC2FC91D}.Release|x86.Build.0 = Release|Win32
		{B3029FD0-AF89-43E4-8C58-7E058463F560}.Debug|x64.ActiveCfg = Debug|x64
		{B3029FD0-AF89-43E4-8C58-7E058463F560}.Debug|x64.Build.0 = Debug|x64
		{B3029FD0-AF89-43E4-8C58-7E058463F560}.Debug|x86.ActiveCfg = Debug|Win32
		{B3029FD0-AF89-43E4-8C58-7E058463F560}.Debug|x86.Build.0 = Debug|Win32
		{B3029FD0-AF89-43E4-8C58-7E058463F560}.Release|x64.ActiveCfg = Release|x64
		{B3029FD0-AF89-43E4-8C58-7E058463F560}.Release|x64.Build.0 = Release|x64
		{B3029FD0-AF89-43E4-8C58-7E058463F560}.Release|x86.ActiveCfg = Release|Win32
		{B3029FD0-AF89-43E4-8C58-7E058463F560}.Release|x86.Build.0 = Release|Win32
		{9452CF91-C9D9-46C7-B46E-65D707E8A363}.Debug|x64.ActiveCfg = Debug|x64
		{9452CF91-C9D9-46C7-B46E-65D707E8A363}.Debug|x64.Build.0 = Debug|x64
		{9452CF91-C9D9-46C7-B46E-65D707E8A363}.Debug|x86.ActiveCfg = Debug|Win32
		{9452CF91-C9D9-46C7-B46E-65D707E8A363}.Debug|x86.Build.0 = Debug|Win32
		{9452CF91-C9D9-46C7-B46E-65D707E8A363}.Release|x64.ActiveCfg = Release|x64
		{9452CF91-C9D9-46C7-B46E-65D707E8A363}.Release|x64.Build.0 = Release|x64
		{9452CF91-C9D9-46C7-B46E-65D707E8A363}.Release|x86.ActiveCfg = Release|Win32
		{9452CF91-C9D9-46C7-B46E-65D707E8A363}.Release|x86.Build.0 = Release|Win32
	EndGlobalSection
	GlobalSection(SolutionProperties) = preSolution
		HideSolutionNode = FALSE
	EndGlobalSection
	GlobalSection(NestedProjects) = preSolution
		{D7A817D1-9187-4C81-94B4-0BBC5656CF56} = {4D572413-AF22-4874-BB0C-C9BF41F302D8}
		{798A3B87-68B7-475A-B10A-BCBA46B5FDD2} = {4D572413-AF22-4874-BB0C-C9BF41F302D8}
		{8B4D7B79-B563-4C7A-B6DA-E8ABFE6E044B} = {4D572413-AF22-4874-BB0C-C9BF41F302D8}
		{9384B0C8-400A-4157-A781-D5C5FC2FC91D} = {4D572413-AF22-4874-BB0C-C9BF41F302D8}
		{B3029FD0-AF89-43E4-8C58-7E058463F560} = {4D572413-AF22-4874-BB0C-C9BF41F302D8}
		{9452CF91-C9D9-46C7-B46E-65D707E8A363} = {4D572413-AF22-4874-BB0C-C9BF41F302D8}
	EndGlobalSection
	GlobalSection(ExtensibilityGlobals) = postSolution
		SolutionGuid = {AE4EFBB6-7AF8-4F1F-9523-F36EF4D5A68F}
	EndGlobalSection
EndGlobal
